
Microsoft Visual Studio Solution File, Format Version 12.00
# Visual Studio Version 17
VisualStudioVersion = 17.8.34322.80
MinimumVisualStudioVersion = 10.0.40219.1
Project("{9A19103F-16F7-4668-BE54-9A1E7A4F7556}") = "Day1", "Day1\Day1.csproj", "{EB1C0C42-C78C-49DD-AD38-20840AF84F9B}"
EndProject
Project("{9A19103F-16F7-4668-BE54-9A1E7A4F7556}") = "Day2", "Day2\Day2.csproj", "{E4ED04A1-9AEA-4517-9031-42F7083823B7}"
EndProject
Project("{9A19103F-16F7-4668-BE54-9A1E7A4F7556}") = "Day3", "Day3\Day3.csproj", "{C5028525-B2AC-4042-9069-15B22312B5F3}"
EndProject
Project("{9A19103F-16F7-4668-BE54-9A1E7A4F7556}") = "Day4", "Day4\Day4.csproj", "{F742C1E9-C1C5-44E6-9FEF-0D44EAB5F827}"
EndProject
Project("{9A19103F-16F7-4668-BE54-9A1E7A4F7556}") = "Day5", "Day5\Day5.csproj", "{109FB98C-0CCF-4593-BDE1-5A63429EF6EC}"
EndProject
Project("{9A19103F-16F7-4668-BE54-9A1E7A4F7556}") = "Day6", "Day6\Day6.csproj", "{0C70F68C-B692-4E9D-BD5D-B5A33293703D}"
EndProject
Project("{9A19103F-16F7-4668-BE54-9A1E7A4F7556}") = "Day7", "Day7\Day7.csproj", "{AFF75FC0-B5F7-4B7D-8C3A-305C29675983}"
EndProject
Project("{FAE04EC0-301F-11D3-BF4B-00C04F79EFBC}") = "Day8", "Day8\Day8.csproj", "{1A126B25-DBC4-42EB-A349-7F8F872E8C4C}"
EndProject
Global
	GlobalSection(SolutionConfigurationPlatforms) = preSolution
		Debug|Any CPU = Debug|Any CPU
		Release|Any CPU = Release|Any CPU
	EndGlobalSection
	GlobalSection(ProjectConfigurationPlatforms) = postSolution
		{EB1C0C42-C78C-49DD-AD38-20840AF84F9B}.Debug|Any CPU.ActiveCfg = Debug|Any CPU
		{EB1C0C42-C78C-49DD-AD38-20840AF84F9B}.Debug|Any CPU.Build.0 = Debug|Any CPU
		{EB1C0C42-C78C-49DD-AD38-20840AF84F9B}.Release|Any CPU.ActiveCfg = Release|Any CPU
		{EB1C0C42-C78C-49DD-AD38-20840AF84F9B}.Release|Any CPU.Build.0 = Release|Any CPU
		{E4ED04A1-9AEA-4517-9031-42F7083823B7}.Debug|Any CPU.ActiveCfg = Debug|Any CPU
		{E4ED04A1-9AEA-4517-9031-42F7083823B7}.Debug|Any CPU.Build.0 = Debug|Any CPU
		{E4ED04A1-9AEA-4517-9031-42F7083823B7}.Release|Any CPU.ActiveCfg = Release|Any CPU
		{E4ED04A1-9AEA-4517-9031-42F7083823B7}.Release|Any CPU.Build.0 = Release|Any CPU
		{C5028525-B2AC-4042-9069-15B22312B5F3}.Debug|Any CPU.ActiveCfg = Debug|Any CPU
		{C5028525-B2AC-4042-9069-15B22312B5F3}.Debug|Any CPU.Build.0 = Debug|Any CPU
		{C5028525-B2AC-4042-9069-15B22312B5F3}.Release|Any CPU.ActiveCfg = Release|Any CPU
		{C5028525-B2AC-4042-9069-15B22312B5F3}.Release|Any CPU.Build.0 = Release|Any CPU
		{F742C1E9-C1C5-44E6-9FEF-0D44EAB5F827}.Debug|Any CPU.ActiveCfg = Debug|Any CPU
		{F742C1E9-C1C5-44E6-9FEF-0D44EAB5F827}.Debug|Any CPU.Build.0 = Debug|Any CPU
		{F742C1E9-C1C5-44E6-9FEF-0D44EAB5F827}.Release|Any CPU.ActiveCfg = Release|Any CPU
		{F742C1E9-C1C5-44E6-9FEF-0D44EAB5F827}.Release|Any CPU.Build.0 = Release|Any CPU
		{109FB98C-0CCF-4593-BDE1-5A63429EF6EC}.Debug|Any CPU.ActiveCfg = Debug|Any CPU
		{109FB98C-0CCF-4593-BDE1-5A63429EF6EC}.Debug|Any CPU.Build.0 = Debug|Any CPU
		{109FB98C-0CCF-4593-BDE1-5A63429EF6EC}.Release|Any CPU.ActiveCfg = Release|Any CPU
		{109FB98C-0CCF-4593-BDE1-5A63429EF6EC}.Release|Any CPU.Build.0 = Release|Any CPU
		{0C70F68C-B692-4E9D-BD5D-B5A33293703D}.Debug|Any CPU.ActiveCfg = Debug|Any CPU
		{0C70F68C-B692-4E9D-BD5D-B5A33293703D}.Debug|Any CPU.Build.0 = Debug|Any CPU
		{0C70F68C-B692-4E9D-BD5D-B5A33293703D}.Release|Any CPU.ActiveCfg = Release|Any CPU
		{0C70F68C-B692-4E9D-BD5D-B5A33293703D}.Release|Any CPU.Build.0 = Release|Any CPU
		{AFF75FC0-B5F7-4B7D-8C3A-305C29675983}.Debug|Any CPU.ActiveCfg = Debug|Any CPU
		{AFF75FC0-B5F7-4B7D-8C3A-305C29675983}.Debug|Any CPU.Build.0 = Debug|Any CPU
		{AFF75FC0-B5F7-4B7D-8C3A-305C29675983}.Release|Any CPU.ActiveCfg = Release|Any CPU
		{AFF75FC0-B5F7-4B7D-8C3A-305C29675983}.Release|Any CPU.Build.0 = Release|Any CPU
		{1A126B25-DBC4-42EB-A349-7F8F872E8C4C}.Debug|Any CPU.ActiveCfg = Debug|Any CPU
		{1A126B25-DBC4-42EB-A349-7F8F872E8C4C}.Debug|Any CPU.Build.0 = Debug|Any CPU
		{1A126B25-DBC4-42EB-A349-7F8F872E8C4C}.Release|Any CPU.ActiveCfg = Release|Any CPU
		{1A126B25-DBC4-42EB-A349-7F8F872E8C4C}.Release|Any CPU.Build.0 = Release|Any CPU
	EndGlobalSection
	GlobalSection(SolutionProperties) = preSolution
		HideSolutionNode = FALSE
	EndGlobalSection
	GlobalSection(ExtensibilityGlobals) = postSolution
		SolutionGuid = {1E20DB0E-316D-471E-B74E-E34C8AAA557D}
	EndGlobalSection
EndGlobal
